// !$*UTF8*$!
{
	archiveVersion = 1;
	classes = {
	};
	objectVersion = 50;
	objects = {

/* Begin PBXBuildFile section */
		0A35676745367E5B669E8871 /* Pods_AudioAnalyzer.framework in Frameworks */ = {isa = PBXBuildFile; fileRef = 76AC5FB73CA84F401E431939 /* Pods_AudioAnalyzer.framework */; };
		EA134F2025B455AE0081F834 /* Combine.swift in Sources */ = {isa = PBXBuildFile; fileRef = EA134F1F25B455AE0081F834 /* Combine.swift */; };
		EA134F2325B45F0D0081F834 /* CannelLevelIndicator.swift in Sources */ = {isa = PBXBuildFile; fileRef = EA134F2225B45F0D0081F834 /* CannelLevelIndicator.swift */; };
		EA371BFB25B08EFA001476F9 /* AppDelegate.swift in Sources */ = {isa = PBXBuildFile; fileRef = EA371BFA25B08EFA001476F9 /* AppDelegate.swift */; };
		EA371BFD25B08EFA001476F9 /* ViewController.swift in Sources */ = {isa = PBXBuildFile; fileRef = EA371BFC25B08EFA001476F9 /* ViewController.swift */; };
		EA371BFF25B08EFC001476F9 /* Assets.xcassets in Resources */ = {isa = PBXBuildFile; fileRef = EA371BFE25B08EFC001476F9 /* Assets.xcassets */; };
		EA371C0225B08EFC001476F9 /* Main.storyboard in Resources */ = {isa = PBXBuildFile; fileRef = EA371C0025B08EFC001476F9 /* Main.storyboard */; };
		EA371C0C25B08F45001476F9 /* AudioDevice.swift in Sources */ = {isa = PBXBuildFile; fileRef = EA371C0B25B08F45001476F9 /* AudioDevice.swift */; };
		EA371C1925B097C7001476F9 /* AVKitCaptureSession.swift in Sources */ = {isa = PBXBuildFile; fileRef = EA371C1825B097C7001476F9 /* AVKitCaptureSession.swift */; };
		EA3ED0E525B4BB3900092398 /* FFTView.swift in Sources */ = {isa = PBXBuildFile; fileRef = EA3ED0E425B4BB3900092398 /* FFTView.swift */; };
		EA509DF125C686B000359691 /* CoreMedia.swift in Sources */ = {isa = PBXBuildFile; fileRef = EA509DF025C686B000359691 /* CoreMedia.swift */; };
		EA509DF925C6888D00359691 /* DFT.swift in Sources */ = {isa = PBXBuildFile; fileRef = EA509DF825C6888D00359691 /* DFT.swift */; };
		EAA467C92869FB980037686B /* ScreenCaptureKitCaptureSession.swift in Sources */ = {isa = PBXBuildFile; fileRef = EAA467C82869FB980037686B /* ScreenCaptureKitCaptureSession.swift */; };
		EAA467CB287027680037686B /* SessionType.swift in Sources */ = {isa = PBXBuildFile; fileRef = EAA467CA287027680037686B /* SessionType.swift */; };
		EAB17CA42867583B00D8D900 /* AudioApp.swift in Sources */ = {isa = PBXBuildFile; fileRef = EAB17CA32867583B00D8D900 /* AudioApp.swift */; };
/* End PBXBuildFile section */

/* Begin PBXFileReference section */
		70A75EF1F9F7C06A4AB8C0A8 /* Pods-AudioAnalyzer.release.xcconfig */ = {isa = PBXFileReference; includeInIndex = 1; lastKnownFileType = text.xcconfig; name = "Pods-AudioAnalyzer.release.xcconfig"; path = "Target Support Files/Pods-AudioAnalyzer/Pods-AudioAnalyzer.release.xcconfig"; sourceTree = "<group>"; };
		76AC5FB73CA84F401E431939 /* Pods_AudioAnalyzer.framework */ = {isa = PBXFileReference; explicitFileType = wrapper.framework; includeInIndex = 0; path = Pods_AudioAnalyzer.framework; sourceTree = BUILT_PRODUCTS_DIR; };
		9429B06AB406F358FD82DBF4 /* Pods-AudioAnalyzer.debug.xcconfig */ = {isa = PBXFileReference; includeInIndex = 1; lastKnownFileType = text.xcconfig; name = "Pods-AudioAnalyzer.debug.xcconfig"; path = "Target Support Files/Pods-AudioAnalyzer/Pods-AudioAnalyzer.debug.xcconfig"; sourceTree = "<group>"; };
		EA134F1F25B455AE0081F834 /* Combine.swift */ = {isa = PBXFileReference; lastKnownFileType = sourcecode.swift; path = Combine.swift; sourceTree = "<group>"; };
		EA134F2225B45F0D0081F834 /* CannelLevelIndicator.swift */ = {isa = PBXFileReference; lastKnownFileType = sourcecode.swift; path = CannelLevelIndicator.swift; sourceTree = "<group>"; };
		EA371BF725B08EFA001476F9 /* AudioAnalyzer.app */ = {isa = PBXFileReference; explicitFileType = wrapper.application; includeInIndex = 0; path = AudioAnalyzer.app; sourceTree = BUILT_PRODUCTS_DIR; };
		EA371BFA25B08EFA001476F9 /* AppDelegate.swift */ = {isa = PBXFileReference; lastKnownFileType = sourcecode.swift; path = AppDelegate.swift; sourceTree = "<group>"; };
		EA371BFC25B08EFA001476F9 /* ViewController.swift */ = {isa = PBXFileReference; lastKnownFileType = sourcecode.swift; path = ViewController.swift; sourceTree = "<group>"; };
		EA371BFE25B08EFC001476F9 /* Assets.xcassets */ = {isa = PBXFileReference; lastKnownFileType = folder.assetcatalog; path = Assets.xcassets; sourceTree = "<group>"; };
		EA371C0125B08EFC001476F9 /* Base */ = {isa = PBXFileReference; lastKnownFileType = file.storyboard; name = Base; path = Base.lproj/Main.storyboard; sourceTree = "<group>"; };
		EA371C0325B08EFC001476F9 /* Info.plist */ = {isa = PBXFileReference; lastKnownFileType = text.plist.xml; path = Info.plist; sourceTree = "<group>"; };
		EA371C0425B08EFC001476F9 /* AudioAnalyzer.entitlements */ = {isa = PBXFileReference; lastKnownFileType = text.plist.entitlements; path = AudioAnalyzer.entitlements; sourceTree = "<group>"; };
		EA371C0B25B08F45001476F9 /* AudioDevice.swift */ = {isa = PBXFileReference; lastKnownFileType = sourcecode.swift; path = AudioDevice.swift; sourceTree = "<group>"; };
		EA371C1825B097C7001476F9 /* AVKitCaptureSession.swift */ = {isa = PBXFileReference; lastKnownFileType = sourcecode.swift; path = AVKitCaptureSession.swift; sourceTree = "<group>"; };
		EA3ED0E425B4BB3900092398 /* FFTView.swift */ = {isa = PBXFileReference; lastKnownFileType = sourcecode.swift; path = FFTView.swift; sourceTree = "<group>"; };
		EA509DF025C686B000359691 /* CoreMedia.swift */ = {isa = PBXFileReference; lastKnownFileType = sourcecode.swift; path = CoreMedia.swift; sourceTree = "<group>"; };
		EA509DF825C6888D00359691 /* DFT.swift */ = {isa = PBXFileReference; lastKnownFileType = sourcecode.swift; path = DFT.swift; sourceTree = "<group>"; };
		EAA467C82869FB980037686B /* ScreenCaptureKitCaptureSession.swift */ = {isa = PBXFileReference; lastKnownFileType = sourcecode.swift; path = ScreenCaptureKitCaptureSession.swift; sourceTree = "<group>"; };
		EAA467CA287027680037686B /* SessionType.swift */ = {isa = PBXFileReference; lastKnownFileType = sourcecode.swift; path = SessionType.swift; sourceTree = "<group>"; };
		EAB17CA32867583B00D8D900 /* AudioApp.swift */ = {isa = PBXFileReference; lastKnownFileType = sourcecode.swift; path = AudioApp.swift; sourceTree = "<group>"; };
/* End PBXFileReference section */

/* Begin PBXFrameworksBuildPhase section */
		EA371BF425B08EFA001476F9 /* Frameworks */ = {
			isa = PBXFrameworksBuildPhase;
			buildActionMask = 2147483647;
			files = (
				0A35676745367E5B669E8871 /* Pods_AudioAnalyzer.framework in Frameworks */,
			);
			runOnlyForDeploymentPostprocessing = 0;
		};
/* End PBXFrameworksBuildPhase section */

/* Begin PBXGroup section */
		4ADBADEB6194B140972AB37F /* Frameworks */ = {
			isa = PBXGroup;
			children = (
				76AC5FB73CA84F401E431939 /* Pods_AudioAnalyzer.framework */,
			);
			name = Frameworks;
			sourceTree = "<group>";
		};
		CD065099F466FF94BEBC735B /* Pods */ = {
			isa = PBXGroup;
			children = (
				9429B06AB406F358FD82DBF4 /* Pods-AudioAnalyzer.debug.xcconfig */,
				70A75EF1F9F7C06A4AB8C0A8 /* Pods-AudioAnalyzer.release.xcconfig */,
			);
			path = Pods;
			sourceTree = "<group>";
		};
		EA371BEE25B08EFA001476F9 = {
			isa = PBXGroup;
			children = (
				EA371BF925B08EFA001476F9 /* AudioAnalyzer */,
				EA371BF825B08EFA001476F9 /* Products */,
				CD065099F466FF94BEBC735B /* Pods */,
				4ADBADEB6194B140972AB37F /* Frameworks */,
			);
			sourceTree = "<group>";
		};
		EA371BF825B08EFA001476F9 /* Products */ = {
			isa = PBXGroup;
			children = (
				EA371BF725B08EFA001476F9 /* AudioAnalyzer.app */,
			);
			name = Products;
			sourceTree = "<group>";
		};
		EA371BF925B08EFA001476F9 /* AudioAnalyzer */ = {
			isa = PBXGroup;
			children = (
				EA371BFA25B08EFA001476F9 /* AppDelegate.swift */,
				EA371BFC25B08EFA001476F9 /* ViewController.swift */,
				EA371C0B25B08F45001476F9 /* AudioDevice.swift */,
				EAB17CA32867583B00D8D900 /* AudioApp.swift */,
				EAA467CA287027680037686B /* SessionType.swift */,
				EA371C1825B097C7001476F9 /* AVKitCaptureSession.swift */,
				EAA467C82869FB980037686B /* ScreenCaptureKitCaptureSession.swift */,
				EA509DF825C6888D00359691 /* DFT.swift */,
				EA134F2225B45F0D0081F834 /* CannelLevelIndicator.swift */,
				EA3ED0E425B4BB3900092398 /* FFTView.swift */,
				EA134F1F25B455AE0081F834 /* Combine.swift */,
				EA509DF025C686B000359691 /* CoreMedia.swift */,
				EA371BFE25B08EFC001476F9 /* Assets.xcassets */,
				EA371C0025B08EFC001476F9 /* Main.storyboard */,
				EA371C0325B08EFC001476F9 /* Info.plist */,
				EA371C0425B08EFC001476F9 /* AudioAnalyzer.entitlements */,
			);
			path = AudioAnalyzer;
			sourceTree = "<group>";
		};
/* End PBXGroup section */

/* Begin PBXNativeTarget section */
		EA371BF625B08EFA001476F9 /* AudioAnalyzer */ = {
			isa = PBXNativeTarget;
			buildConfigurationList = EA371C0725B08EFC001476F9 /* Build configuration list for PBXNativeTarget "AudioAnalyzer" */;
			buildPhases = (
				467D02DF8957C1749F1F05B4 /* [CP] Check Pods Manifest.lock */,
				EA371BF325B08EFA001476F9 /* Sources */,
				EA371BF425B08EFA001476F9 /* Frameworks */,
				EA371BF525B08EFA001476F9 /* Resources */,
			);
			buildRules = (
			);
			dependencies = (
			);
			name = AudioAnalyzer;
			packageProductDependencies = (
			);
			productName = AudioAnalyzer;
			productReference = EA371BF725B08EFA001476F9 /* AudioAnalyzer.app */;
			productType = "com.apple.product-type.application";
		};
/* End PBXNativeTarget section */

/* Begin PBXProject section */
		EA371BEF25B08EFA001476F9 /* Project object */ = {
			isa = PBXProject;
			attributes = {
				LastSwiftUpdateCheck = 1230;
				LastUpgradeCheck = 1230;
				TargetAttributes = {
					EA371BF625B08EFA001476F9 = {
						CreatedOnToolsVersion = 12.3;
					};
				};
			};
			buildConfigurationList = EA371BF225B08EFA001476F9 /* Build configuration list for PBXProject "AudioAnalyzer" */;
			compatibilityVersion = "Xcode 9.3";
			developmentRegion = en;
			hasScannedForEncodings = 0;
			knownRegions = (
				en,
				Base,
			);
			mainGroup = EA371BEE25B08EFA001476F9;
			packageReferences = (
			);
			productRefGroup = EA371BF825B08EFA001476F9 /* Products */;
			projectDirPath = "";
			projectRoot = "";
			targets = (
				EA371BF625B08EFA001476F9 /* AudioAnalyzer */,
			);
		};
/* End PBXProject section */

/* Begin PBXResourcesBuildPhase section */
		EA371BF525B08EFA001476F9 /* Resources */ = {
			isa = PBXResourcesBuildPhase;
			buildActionMask = 2147483647;
			files = (
				EA371BFF25B08EFC001476F9 /* Assets.xcassets in Resources */,
				EA371C0225B08EFC001476F9 /* Main.storyboard in Resources */,
			);
			runOnlyForDeploymentPostprocessing = 0;
		};
/* End PBXResourcesBuildPhase section */

/* Begin PBXShellScriptBuildPhase section */
		467D02DF8957C1749F1F05B4 /* [CP] Check Pods Manifest.lock */ = {
			isa = PBXShellScriptBuildPhase;
			buildActionMask = 2147483647;
			files = (
			);
			inputFileListPaths = (
			);
			inputPaths = (
				"${PODS_PODFILE_DIR_PATH}/Podfile.lock",
				"${PODS_ROOT}/Manifest.lock",
			);
			name = "[CP] Check Pods Manifest.lock";
			outputFileListPaths = (
			);
			outputPaths = (
				"$(DERIVED_FILE_DIR)/Pods-AudioAnalyzer-checkManifestLockResult.txt",
			);
			runOnlyForDeploymentPostprocessing = 0;
			shellPath = /bin/sh;
			shellScript = "diff \"${PODS_PODFILE_DIR_PATH}/Podfile.lock\" \"${PODS_ROOT}/Manifest.lock\" > /dev/null\nif [ $? != 0 ] ; then\n    # print error to STDERR\n    echo \"error: The sandbox is not in sync with the Podfile.lock. Run 'pod install' or update your CocoaPods installation.\" >&2\n    exit 1\nfi\n# This output is used by Xcode 'outputs' to avoid re-running this script phase.\necho \"SUCCESS\" > \"${SCRIPT_OUTPUT_FILE_0}\"\n";
			showEnvVarsInLog = 0;
		};
/* End PBXShellScriptBuildPhase section */

/* Begin PBXSourcesBuildPhase section */
		EA371BF325B08EFA001476F9 /* Sources */ = {
			isa = PBXSourcesBuildPhase;
			buildActionMask = 2147483647;
			files = (
				EA371BFD25B08EFA001476F9 /* ViewController.swift in Sources */,
				EA3ED0E525B4BB3900092398 /* FFTView.swift in Sources */,
				EA134F2325B45F0D0081F834 /* CannelLevelIndicator.swift in Sources */,
				EA509DF925C6888D00359691 /* DFT.swift in Sources */,
				EA509DF125C686B000359691 /* CoreMedia.swift in Sources */,
				EA371BFB25B08EFA001476F9 /* AppDelegate.swift in Sources */,
				EAA467C92869FB980037686B /* ScreenCaptureKitCaptureSession.swift in Sources */,
				EA371C0C25B08F45001476F9 /* AudioDevice.swift in Sources */,
				EA134F2025B455AE0081F834 /* Combine.swift in Sources */,
				EAB17CA42867583B00D8D900 /* AudioApp.swift in Sources */,
				EAA467CB287027680037686B /* SessionType.swift in Sources */,
				EA371C1925B097C7001476F9 /* AVKitCaptureSession.swift in Sources */,
			);
			runOnlyForDeploymentPostprocessing = 0;
		};
/* End PBXSourcesBuildPhase section */

/* Begin PBXVariantGroup section */
		EA371C0025B08EFC001476F9 /* Main.storyboard */ = {
			isa = PBXVariantGroup;
			children = (
				EA371C0125B08EFC001476F9 /* Base */,
			);
			name = Main.storyboard;
			sourceTree = "<group>";
		};
/* End PBXVariantGroup section */

/* Begin XCBuildConfiguration section */
		EA371C0525B08EFC001476F9 /* Debug */ = {
			isa = XCBuildConfiguration;
			buildSettings = {
				ALWAYS_SEARCH_USER_PATHS = NO;
				CLANG_ANALYZER_NONNULL = YES;
				CLANG_ANALYZER_NUMBER_OBJECT_CONVERSION = YES_AGGRESSIVE;
				CLANG_CXX_LANGUAGE_STANDARD = "gnu++14";
				CLANG_CXX_LIBRARY = "libc++";
				CLANG_ENABLE_MODULES = YES;
				CLANG_ENABLE_OBJC_ARC = YES;
				CLANG_ENABLE_OBJC_WEAK = YES;
				CLANG_WARN_BLOCK_CAPTURE_AUTORELEASING = YES;
				CLANG_WARN_BOOL_CONVERSION = YES;
				CLANG_WARN_COMMA = YES;
				CLANG_WARN_CONSTANT_CONVERSION = YES;
				CLANG_WARN_DEPRECATED_OBJC_IMPLEMENTATIONS = YES;
				CLANG_WARN_DIRECT_OBJC_ISA_USAGE = YES_ERROR;
				CLANG_WARN_DOCUMENTATION_COMMENTS = YES;
				CLANG_WARN_EMPTY_BODY = YES;
				CLANG_WARN_ENUM_CONVERSION = YES;
				CLANG_WARN_INFINITE_RECURSION = YES;
				CLANG_WARN_INT_CONVERSION = YES;
				CLANG_WARN_NON_LITERAL_NULL_CONVERSION = YES;
				CLANG_WARN_OBJC_IMPLICIT_RETAIN_SELF = YES;
				CLANG_WARN_OBJC_LITERAL_CONVERSION = YES;
				CLANG_WARN_OBJC_ROOT_CLASS = YES_ERROR;
				CLANG_WARN_QUOTED_INCLUDE_IN_FRAMEWORK_HEADER = YES;
				CLANG_WARN_RANGE_LOOP_ANALYSIS = YES;
				CLANG_WARN_STRICT_PROTOTYPES = YES;
				CLANG_WARN_SUSPICIOUS_MOVE = YES;
				CLANG_WARN_UNGUARDED_AVAILABILITY = YES_AGGRESSIVE;
				CLANG_WARN_UNREACHABLE_CODE = YES;
				CLANG_WARN__DUPLICATE_METHOD_MATCH = YES;
				COPY_PHASE_STRIP = NO;
				DEBUG_INFORMATION_FORMAT = dwarf;
				ENABLE_STRICT_OBJC_MSGSEND = YES;
				ENABLE_TESTABILITY = YES;
				GCC_C_LANGUAGE_STANDARD = gnu11;
				GCC_DYNAMIC_NO_PIC = NO;
				GCC_NO_COMMON_BLOCKS = YES;
				GCC_OPTIMIZATION_LEVEL = 0;
				GCC_PREPROCESSOR_DEFINITIONS = (
					"DEBUG=1",
					"$(inherited)",
				);
				GCC_WARN_64_TO_32_BIT_CONVERSION = YES;
				GCC_WARN_ABOUT_RETURN_TYPE = YES_ERROR;
				GCC_WARN_UNDECLARED_SELECTOR = YES;
				GCC_WARN_UNINITIALIZED_AUTOS = YES_AGGRESSIVE;
				GCC_WARN_UNUSED_FUNCTION = YES;
				GCC_WARN_UNUSED_VARIABLE = YES;
				MACOSX_DEPLOYMENT_TARGET = 10.15;
				MTL_ENABLE_DEBUG_INFO = INCLUDE_SOURCE;
				MTL_FAST_MATH = YES;
				ONLY_ACTIVE_ARCH = YES;
				SDKROOT = macosx;
				SWIFT_ACTIVE_COMPILATION_CONDITIONS = DEBUG;
				SWIFT_OPTIMIZATION_LEVEL = "-Onone";
			};
			name = Debug;
		};
		EA371C0625B08EFC001476F9 /* Release */ = {
			isa = XCBuildConfiguration;
			buildSettings = {
				ALWAYS_SEARCH_USER_PATHS = NO;
				CLANG_ANALYZER_NONNULL = YES;
				CLANG_ANALYZER_NUMBER_OBJECT_CONVERSION = YES_AGGRESSIVE;
				CLANG_CXX_LANGUAGE_STANDARD = "gnu++14";
				CLANG_CXX_LIBRARY = "libc++";
				CLANG_ENABLE_MODULES = YES;
				CLANG_ENABLE_OBJC_ARC = YES;
				CLANG_ENABLE_OBJC_WEAK = YES;
				CLANG_WARN_BLOCK_CAPTURE_AUTORELEASING = YES;
				CLANG_WARN_BOOL_CONVERSION = YES;
				CLANG_WARN_COMMA = YES;
				CLANG_WARN_CONSTANT_CONVERSION = YES;
				CLANG_WARN_DEPRECATED_OBJC_IMPLEMENTATIONS = YES;
				CLANG_WARN_DIRECT_OBJC_ISA_USAGE = YES_ERROR;
				CLANG_WARN_DOCUMENTATION_COMMENTS = YES;
				CLANG_WARN_EMPTY_BODY = YES;
				CLANG_WARN_ENUM_CONVERSION = YES;
				CLANG_WARN_INFINITE_RECURSION = YES;
				CLANG_WARN_INT_CONVERSION = YES;
				CLANG_WARN_NON_LITERAL_NULL_CONVERSION = YES;
				CLANG_WARN_OBJC_IMPLICIT_RETAIN_SELF = YES;
				CLANG_WARN_OBJC_LITERAL_CONVERSION = YES;
				CLANG_WARN_OBJC_ROOT_CLASS = YES_ERROR;
				CLANG_WARN_QUOTED_INCLUDE_IN_FRAMEWORK_HEADER = YES;
				CLANG_WARN_RANGE_LOOP_ANALYSIS = YES;
				CLANG_WARN_STRICT_PROTOTYPES = YES;
				CLANG_WARN_SUSPICIOUS_MOVE = YES;
				CLANG_WARN_UNGUARDED_AVAILABILITY = YES_AGGRESSIVE;
				CLANG_WARN_UNREACHABLE_CODE = YES;
				CLANG_WARN__DUPLICATE_METHOD_MATCH = YES;
				COPY_PHASE_STRIP = NO;
				DEBUG_INFORMATION_FORMAT = "dwarf-with-dsym";
				ENABLE_NS_ASSERTIONS = NO;
				ENABLE_STRICT_OBJC_MSGSEND = YES;
				GCC_C_LANGUAGE_STANDARD = gnu11;
				GCC_NO_COMMON_BLOCKS = YES;
				GCC_WARN_64_TO_32_BIT_CONVERSION = YES;
				GCC_WARN_ABOUT_RETURN_TYPE = YES_ERROR;
				GCC_WARN_UNDECLARED_SELECTOR = YES;
				GCC_WARN_UNINITIALIZED_AUTOS = YES_AGGRESSIVE;
				GCC_WARN_UNUSED_FUNCTION = YES;
				GCC_WARN_UNUSED_VARIABLE = YES;
				MACOSX_DEPLOYMENT_TARGET = 10.15;
				MTL_ENABLE_DEBUG_INFO = NO;
				MTL_FAST_MATH = YES;
				SDKROOT = macosx;
				SWIFT_COMPILATION_MODE = wholemodule;
				SWIFT_OPTIMIZATION_LEVEL = "-O";
			};
			name = Release;
		};
		EA371C0825B08EFC001476F9 /* Debug */ = {
			isa = XCBuildConfiguration;
			baseConfigurationReference = 9429B06AB406F358FD82DBF4 /* Pods-AudioAnalyzer.debug.xcconfig */;
			buildSettings = {
				ASSETCATALOG_COMPILER_APPICON_NAME = AppIcon;
				ASSETCATALOG_COMPILER_GLOBAL_ACCENT_COLOR_NAME = AccentColor;
				CODE_SIGN_ENTITLEMENTS = AudioAnalyzer/AudioAnalyzer.entitlements;
				CODE_SIGN_IDENTITY = "-";
				CODE_SIGN_STYLE = Automatic;
				COMBINE_HIDPI_IMAGES = YES;
				DEVELOPMENT_TEAM = "";
				ENABLE_HARDENED_RUNTIME = YES;
				INFOPLIST_FILE = AudioAnalyzer/Info.plist;
				LD_RUNPATH_SEARCH_PATHS = (
					"$(inherited)",
					"@executable_path/../Frameworks",
				);
				MACOSX_DEPLOYMENT_TARGET = 13.0;
				PRODUCT_BUNDLE_IDENTIFIER = jp.banjun.exp.AudioAnalyzer;
				PRODUCT_NAME = "$(TARGET_NAME)";
				PROVISIONING_PROFILE_SPECIFIER = "";
				SWIFT_VERSION = 5.0;
			};
			name = Debug;
		};
		EA371C0925B08EFC001476F9 /* Release */ = {
			isa = XCBuildConfiguration;
			baseConfigurationReference = 70A75EF1F9F7C06A4AB8C0A8 /* Pods-AudioAnalyzer.release.xcconfig */;
			buildSettings = {
				ASSETCATALOG_COMPILER_APPICON_NAME = AppIcon;
				ASSETCATALOG_COMPILER_GLOBAL_ACCENT_COLOR_NAME = AccentColor;
				CODE_SIGN_ENTITLEMENTS = AudioAnalyzer/AudioAnalyzer.entitlements;
				CODE_SIGN_IDENTITY = "Apple Development";
				CODE_SIGN_STYLE = Manual;
				COMBINE_HIDPI_IMAGES = YES;
				DEVELOPMENT_TEAM = FPZK4WRGW7;
				ENABLE_HARDENED_RUNTIME = YES;
				INFOPLIST_FILE = AudioAnalyzer/Info.plist;
				LD_RUNPATH_SEARCH_PATHS = (
					"$(inherited)",
					"@executable_path/../Frameworks",
				);
				MACOSX_DEPLOYMENT_TARGET = 13.0;
				PRODUCT_BUNDLE_IDENTIFIER = jp.banjun.exp.AudioAnalyzer;
				PRODUCT_NAME = "$(TARGET_NAME)";
				PROVISIONING_PROFILE_SPECIFIER = "";
				SWIFT_VERSION = 5.0;
			};
			name = Release;
		};
/* End XCBuildConfiguration section */

/* Begin XCConfigurationList section */
		EA371BF225B08EFA001476F9 /* Build configuration list for PBXProject "AudioAnalyzer" */ = {
			isa = XCConfigurationList;
			buildConfigurations = (
				EA371C0525B08EFC001476F9 /* Debug */,
				EA371C0625B08EFC001476F9 /* Release */,
			);
			defaultConfigurationIsVisible = 0;
			defaultConfigurationName = Release;
		};
		EA371C0725B08EFC001476F9 /* Build configuration list for PBXNativeTarget "AudioAnalyzer" */ = {
			isa = XCConfigurationList;
			buildConfigurations = (
				EA371C0825B08EFC001476F9 /* Debug */,
				EA371C0925B08EFC001476F9 /* Release */,
			);
			defaultConfigurationIsVisible = 0;
			defaultConfigurationName = Release;
		};
/* End XCConfigurationList section */
	};
	rootObject = EA371BEF25B08EFA001476F9 /* Project object */;
}
